
Microsoft Visual Studio Solution File, Format Version 12.00
# Visual Studio 15
VisualStudioVersion = 15.0.27004.2009
MinimumVisualStudioVersion = 10.0.40219.1
Project("{FAE04EC0-301F-11D3-BF4B-00C04F79EFBC}") = "ReefTankCore.Web", "ReefTankCore.Web\ReefTankCore.Web.csproj", "{1BB6FB79-69BE-4300-8C6C-1839E77F75E1}"
EndProject
Project("{FAE04EC0-301F-11D3-BF4B-00C04F79EFBC}") = "ReefTankCore.Models", "ReefTankCore.Models\ReefTankCore.Models.csproj", "{C58BA06A-B181-4F53-B7FB-C888D0737E94}"
EndProject
Project("{FAE04EC0-301F-11D3-BF4B-00C04F79EFBC}") = "ReefTankCore.Core", "ReefTankCore.Core\ReefTankCore.Core.csproj", "{3B3E727C-085D-48B5-8FF2-E037179BB5D1}"
EndProject
Project("{FAE04EC0-301F-11D3-BF4B-00C04F79EFBC}") = "ReefTankCore.Services", "ReefTankCore.Services\ReefTankCore.Services.csproj", "{90DB0041-633E-42BE-A619-ED94781D891D}"
EndProject
Global
	GlobalSection(SolutionConfigurationPlatforms) = preSolution
		Debug|Any CPU = Debug|Any CPU
		Release|Any CPU = Release|Any CPU
	EndGlobalSection
	GlobalSection(ProjectConfigurationPlatforms) = postSolution
		{1BB6FB79-69BE-4300-8C6C-1839E77F75E1}.Debug|Any CPU.ActiveCfg = Debug|Any CPU
		{1BB6FB79-69BE-4300-8C6C-1839E77F75E1}.Debug|Any CPU.Build.0 = Debug|Any CPU
		{1BB6FB79-69BE-4300-8C6C-1839E77F75E1}.Release|Any CPU.ActiveCfg = Release|Any CPU
		{1BB6FB79-69BE-4300-8C6C-1839E77F75E1}.Release|Any CPU.Build.0 = Release|Any CPU
		{C58BA06A-B181-4F53-B7FB-C888D0737E94}.Debug|Any CPU.ActiveCfg = Debug|Any CPU
		{C58BA06A-B181-4F53-B7FB-C888D0737E94}.Debug|Any CPU.Build.0 = Debug|Any CPU
		{C58BA06A-B181-4F53-B7FB-C888D0737E94}.Release|Any CPU.ActiveCfg = Release|Any CPU
		{C58BA06A-B181-4F53-B7FB-C888D0737E94}.Release|Any CPU.Build.0 = Release|Any CPU
		{3B3E727C-085D-48B5-8FF2-E037179BB5D1}.Debug|Any CPU.ActiveCfg = Debug|Any CPU
		{3B3E727C-085D-48B5-8FF2-E037179BB5D1}.Debug|Any CPU.Build.0 = Debug|Any CPU
		{3B3E727C-085D-48B5-8FF2-E037179BB5D1}.Release|Any CPU.ActiveCfg = Release|Any CPU
		{3B3E727C-085D-48B5-8FF2-E037179BB5D1}.Release|Any CPU.Build.0 = Release|Any CPU
		{90DB0041-633E-42BE-A619-ED94781D891D}.Debug|Any CPU.ActiveCfg = Debug|Any CPU
		{90DB0041-633E-42BE-A619-ED94781D891D}.Debug|Any CPU.Build.0 = Debug|Any CPU
		{90DB0041-633E-42BE-A619-ED94781D891D}.Release|Any CPU.ActiveCfg = Release|Any CPU
		{90DB0041-633E-42BE-A619-ED94781D891D}.Release|Any CPU.Build.0 = Release|Any CPU
	EndGlobalSection
	GlobalSection(SolutionProperties) = preSolution
		HideSolutionNode = FALSE
	EndGlobalSection
	GlobalSection(ExtensibilityGlobals) = postSolution
		SolutionGuid = {1B3409D5-6CF6-46D3-8500-374210459BC6}
	EndGlobalSection
EndGlobal
